// !$*UTF8*$!
{
	archiveVersion = 1;
	classes = {
	};
	objectVersion = 51;
	objects = {

/* Begin PBXBuildFile section */
		905C98AFD93B21154633AF1A /* Pods_EULAdemoAPDG.framework in Frameworks */ = {isa = PBXBuildFile; fileRef = 25BE51E63F74612604E1744B /* Pods_EULAdemoAPDG.framework */; };
		9C0421CF25EF438F0015A04F /* AppDelegate.swift in Sources */ = {isa = PBXBuildFile; fileRef = 9C0421CE25EF438F0015A04F /* AppDelegate.swift */; };
		9C0421D125EF438F0015A04F /* SceneDelegate.swift in Sources */ = {isa = PBXBuildFile; fileRef = 9C0421D025EF438F0015A04F /* SceneDelegate.swift */; };
		9C0421D325EF438F0015A04F /* ViewController.swift in Sources */ = {isa = PBXBuildFile; fileRef = 9C0421D225EF438F0015A04F /* ViewController.swift */; };
		9C0421D625EF438F0015A04F /* Main.storyboard in Resources */ = {isa = PBXBuildFile; fileRef = 9C0421D425EF438F0015A04F /* Main.storyboard */; };
		9C0421D825EF43900015A04F /* Assets.xcassets in Resources */ = {isa = PBXBuildFile; fileRef = 9C0421D725EF43900015A04F /* Assets.xcassets */; };
		9C0421DB25EF43900015A04F /* LaunchScreen.storyboard in Resources */ = {isa = PBXBuildFile; fileRef = 9C0421D925EF43900015A04F /* LaunchScreen.storyboard */; };
		9C0421E625EF43900015A04F /* EULAdemoAPDGTests.swift in Sources */ = {isa = PBXBuildFile; fileRef = 9C0421E525EF43900015A04F /* EULAdemoAPDGTests.swift */; };
		9C0421F125EF43900015A04F /* EULAdemoAPDGUITests.swift in Sources */ = {isa = PBXBuildFile; fileRef = 9C0421F025EF43900015A04F /* EULAdemoAPDGUITests.swift */; };
		9C04220D25EF44F00015A04F /* StockURL.swift in Sources */ = {isa = PBXBuildFile; fileRef = 9C04220A25EF44F00015A04F /* StockURL.swift */; };
		9C04220E25EF44F00015A04F /* RequesProtocol.swift in Sources */ = {isa = PBXBuildFile; fileRef = 9C04220B25EF44F00015A04F /* RequesProtocol.swift */; };
		9C04220F25EF44F00015A04F /* Services.swift in Sources */ = {isa = PBXBuildFile; fileRef = 9C04220C25EF44F00015A04F /* Services.swift */; };
		9C4DB39525EF4A4F001AA4F9 /* RequestSearch.swift in Sources */ = {isa = PBXBuildFile; fileRef = 9C4DB39425EF4A4F001AA4F9 /* RequestSearch.swift */; };
		9C4DB39C25EF4BC5001AA4F9 /* Meals.swift in Sources */ = {isa = PBXBuildFile; fileRef = 9C4DB39A25EF4BC5001AA4F9 /* Meals.swift */; };
		9C4DB39D25EF4BC5001AA4F9 /* ResponseSearch.swift in Sources */ = {isa = PBXBuildFile; fileRef = 9C4DB39B25EF4BC5001AA4F9 /* ResponseSearch.swift */; };
		9C4DB3A625EF4CF5001AA4F9 /* SearchInteractor.swift in Sources */ = {isa = PBXBuildFile; fileRef = 9C4DB3A525EF4CF5001AA4F9 /* SearchInteractor.swift */; };
		9C4DB3B025EF4EC8001AA4F9 /* SearchPresenter.swift in Sources */ = {isa = PBXBuildFile; fileRef = 9C4DB3AF25EF4EC8001AA4F9 /* SearchPresenter.swift */; };
		9C4DB3B525EF4F0D001AA4F9 /* SearchModel.swift in Sources */ = {isa = PBXBuildFile; fileRef = 9C4DB3B425EF4F0D001AA4F9 /* SearchModel.swift */; };
		9C4DB3BE25EF5809001AA4F9 /* RequestDetailMeal.swift in Sources */ = {isa = PBXBuildFile; fileRef = 9C4DB3BD25EF5809001AA4F9 /* RequestDetailMeal.swift */; };
		9C4DB3C525EF5A15001AA4F9 /* MealsDetail.swift in Sources */ = {isa = PBXBuildFile; fileRef = 9C4DB3C325EF5A15001AA4F9 /* MealsDetail.swift */; };
		9C4DB3C625EF5A15001AA4F9 /* LookupResponse.swift in Sources */ = {isa = PBXBuildFile; fileRef = 9C4DB3C425EF5A15001AA4F9 /* LookupResponse.swift */; };
		9C4DB3CE25EF5BC0001AA4F9 /* SearchRouter.swift in Sources */ = {isa = PBXBuildFile; fileRef = 9C4DB3CD25EF5BC0001AA4F9 /* SearchRouter.swift */; };
		C76B8779D3E41474F2ABC489 /* Pods_EULAdemoAPDGTests.framework in Frameworks */ = {isa = PBXBuildFile; fileRef = C77E420816F541280A41BA8E /* Pods_EULAdemoAPDGTests.framework */; };
		E7BA44C9F0B24E9D019B9A36 /* Pods_EULAdemoAPDG_EULAdemoAPDGUITests.framework in Frameworks */ = {isa = PBXBuildFile; fileRef = AF63BEDA8E510B82DD7A7AB5 /* Pods_EULAdemoAPDG_EULAdemoAPDGUITests.framework */; };
/* End PBXBuildFile section */

/* Begin PBXContainerItemProxy section */
		9C0421E225EF43900015A04F /* PBXContainerItemProxy */ = {
			isa = PBXContainerItemProxy;
			containerPortal = 9C0421C325EF438F0015A04F /* Project object */;
			proxyType = 1;
			remoteGlobalIDString = 9C0421CA25EF438F0015A04F;
			remoteInfo = EULAdemoAPDG;
		};
		9C0421ED25EF43900015A04F /* PBXContainerItemProxy */ = {
			isa = PBXContainerItemProxy;
			containerPortal = 9C0421C325EF438F0015A04F /* Project object */;
			proxyType = 1;
			remoteGlobalIDString = 9C0421CA25EF438F0015A04F;
			remoteInfo = EULAdemoAPDG;
		};
/* End PBXContainerItemProxy section */

/* Begin PBXFileReference section */
		161D5CA8A03C2F45B2D60371 /* Pods-EULAdemoAPDGTests.debug.xcconfig */ = {isa = PBXFileReference; includeInIndex = 1; lastKnownFileType = text.xcconfig; name = "Pods-EULAdemoAPDGTests.debug.xcconfig"; path = "Target Support Files/Pods-EULAdemoAPDGTests/Pods-EULAdemoAPDGTests.debug.xcconfig"; sourceTree = "<group>"; };
		2302ED05DB7C87AD10387340 /* Pods-EULAdemoAPDG.debug.xcconfig */ = {isa = PBXFileReference; includeInIndex = 1; lastKnownFileType = text.xcconfig; name = "Pods-EULAdemoAPDG.debug.xcconfig"; path = "Target Support Files/Pods-EULAdemoAPDG/Pods-EULAdemoAPDG.debug.xcconfig"; sourceTree = "<group>"; };
		25BE51E63F74612604E1744B /* Pods_EULAdemoAPDG.framework */ = {isa = PBXFileReference; explicitFileType = wrapper.framework; includeInIndex = 0; path = Pods_EULAdemoAPDG.framework; sourceTree = BUILT_PRODUCTS_DIR; };
		7C874DC2D29E98432C5BFAC3 /* Pods-EULAdemoAPDG.release.xcconfig */ = {isa = PBXFileReference; includeInIndex = 1; lastKnownFileType = text.xcconfig; name = "Pods-EULAdemoAPDG.release.xcconfig"; path = "Target Support Files/Pods-EULAdemoAPDG/Pods-EULAdemoAPDG.release.xcconfig"; sourceTree = "<group>"; };
		9C0421CB25EF438F0015A04F /* EULAdemoAPDG.app */ = {isa = PBXFileReference; explicitFileType = wrapper.application; includeInIndex = 0; path = EULAdemoAPDG.app; sourceTree = BUILT_PRODUCTS_DIR; };
		9C0421CE25EF438F0015A04F /* AppDelegate.swift */ = {isa = PBXFileReference; lastKnownFileType = sourcecode.swift; path = AppDelegate.swift; sourceTree = "<group>"; };
		9C0421D025EF438F0015A04F /* SceneDelegate.swift */ = {isa = PBXFileReference; lastKnownFileType = sourcecode.swift; path = SceneDelegate.swift; sourceTree = "<group>"; };
		9C0421D225EF438F0015A04F /* ViewController.swift */ = {isa = PBXFileReference; lastKnownFileType = sourcecode.swift; path = ViewController.swift; sourceTree = "<group>"; };
		9C0421D525EF438F0015A04F /* Base */ = {isa = PBXFileReference; lastKnownFileType = file.storyboard; name = Base; path = Base.lproj/Main.storyboard; sourceTree = "<group>"; };
		9C0421D725EF43900015A04F /* Assets.xcassets */ = {isa = PBXFileReference; lastKnownFileType = folder.assetcatalog; path = Assets.xcassets; sourceTree = "<group>"; };
		9C0421DA25EF43900015A04F /* Base */ = {isa = PBXFileReference; lastKnownFileType = file.storyboard; name = Base; path = Base.lproj/LaunchScreen.storyboard; sourceTree = "<group>"; };
		9C0421DC25EF43900015A04F /* Info.plist */ = {isa = PBXFileReference; lastKnownFileType = text.plist.xml; path = Info.plist; sourceTree = "<group>"; };
		9C0421E125EF43900015A04F /* EULAdemoAPDGTests.xctest */ = {isa = PBXFileReference; explicitFileType = wrapper.cfbundle; includeInIndex = 0; path = EULAdemoAPDGTests.xctest; sourceTree = BUILT_PRODUCTS_DIR; };
		9C0421E525EF43900015A04F /* EULAdemoAPDGTests.swift */ = {isa = PBXFileReference; lastKnownFileType = sourcecode.swift; path = EULAdemoAPDGTests.swift; sourceTree = "<group>"; };
		9C0421E725EF43900015A04F /* Info.plist */ = {isa = PBXFileReference; lastKnownFileType = text.plist.xml; path = Info.plist; sourceTree = "<group>"; };
		9C0421EC25EF43900015A04F /* EULAdemoAPDGUITests.xctest */ = {isa = PBXFileReference; explicitFileType = wrapper.cfbundle; includeInIndex = 0; path = EULAdemoAPDGUITests.xctest; sourceTree = BUILT_PRODUCTS_DIR; };
		9C0421F025EF43900015A04F /* EULAdemoAPDGUITests.swift */ = {isa = PBXFileReference; lastKnownFileType = sourcecode.swift; path = EULAdemoAPDGUITests.swift; sourceTree = "<group>"; };
		9C0421F225EF43900015A04F /* Info.plist */ = {isa = PBXFileReference; lastKnownFileType = text.plist.xml; path = Info.plist; sourceTree = "<group>"; };
		9C04220A25EF44F00015A04F /* StockURL.swift */ = {isa = PBXFileReference; fileEncoding = 4; lastKnownFileType = sourcecode.swift; path = StockURL.swift; sourceTree = "<group>"; };
		9C04220B25EF44F00015A04F /* RequesProtocol.swift */ = {isa = PBXFileReference; fileEncoding = 4; lastKnownFileType = sourcecode.swift; path = RequesProtocol.swift; sourceTree = "<group>"; };
		9C04220C25EF44F00015A04F /* Services.swift */ = {isa = PBXFileReference; fileEncoding = 4; lastKnownFileType = sourcecode.swift; path = Services.swift; sourceTree = "<group>"; };
		9C4DB39425EF4A4F001AA4F9 /* RequestSearch.swift */ = {isa = PBXFileReference; lastKnownFileType = sourcecode.swift; path = RequestSearch.swift; sourceTree = "<group>"; };
		9C4DB39A25EF4BC5001AA4F9 /* Meals.swift */ = {isa = PBXFileReference; fileEncoding = 4; lastKnownFileType = sourcecode.swift; path = Meals.swift; sourceTree = "<group>"; };
		9C4DB39B25EF4BC5001AA4F9 /* ResponseSearch.swift */ = {isa = PBXFileReference; fileEncoding = 4; lastKnownFileType = sourcecode.swift; path = ResponseSearch.swift; sourceTree = "<group>"; };
		9C4DB3A525EF4CF5001AA4F9 /* SearchInteractor.swift */ = {isa = PBXFileReference; lastKnownFileType = sourcecode.swift; path = SearchInteractor.swift; sourceTree = "<group>"; };
		9C4DB3AF25EF4EC8001AA4F9 /* SearchPresenter.swift */ = {isa = PBXFileReference; lastKnownFileType = sourcecode.swift; path = SearchPresenter.swift; sourceTree = "<group>"; };
		9C4DB3B425EF4F0D001AA4F9 /* SearchModel.swift */ = {isa = PBXFileReference; lastKnownFileType = sourcecode.swift; path = SearchModel.swift; sourceTree = "<group>"; };
		9C4DB3BD25EF5809001AA4F9 /* RequestDetailMeal.swift */ = {isa = PBXFileReference; lastKnownFileType = sourcecode.swift; path = RequestDetailMeal.swift; sourceTree = "<group>"; };
		9C4DB3C325EF5A15001AA4F9 /* MealsDetail.swift */ = {isa = PBXFileReference; fileEncoding = 4; lastKnownFileType = sourcecode.swift; path = MealsDetail.swift; sourceTree = "<group>"; };
		9C4DB3C425EF5A15001AA4F9 /* LookupResponse.swift */ = {isa = PBXFileReference; fileEncoding = 4; lastKnownFileType = sourcecode.swift; path = LookupResponse.swift; sourceTree = "<group>"; };
		9C4DB3CD25EF5BC0001AA4F9 /* SearchRouter.swift */ = {isa = PBXFileReference; lastKnownFileType = sourcecode.swift; path = SearchRouter.swift; sourceTree = "<group>"; };
		AF63BEDA8E510B82DD7A7AB5 /* Pods_EULAdemoAPDG_EULAdemoAPDGUITests.framework */ = {isa = PBXFileReference; explicitFileType = wrapper.framework; includeInIndex = 0; path = Pods_EULAdemoAPDG_EULAdemoAPDGUITests.framework; sourceTree = BUILT_PRODUCTS_DIR; };
		B190A02CF0EC89DE3558FDE8 /* Pods-EULAdemoAPDG-EULAdemoAPDGUITests.release.xcconfig */ = {isa = PBXFileReference; includeInIndex = 1; lastKnownFileType = text.xcconfig; name = "Pods-EULAdemoAPDG-EULAdemoAPDGUITests.release.xcconfig"; path = "Target Support Files/Pods-EULAdemoAPDG-EULAdemoAPDGUITests/Pods-EULAdemoAPDG-EULAdemoAPDGUITests.release.xcconfig"; sourceTree = "<group>"; };
		BF759F0EC248937357315434 /* Pods-EULAdemoAPDGTests.release.xcconfig */ = {isa = PBXFileReference; includeInIndex = 1; lastKnownFileType = text.xcconfig; name = "Pods-EULAdemoAPDGTests.release.xcconfig"; path = "Target Support Files/Pods-EULAdemoAPDGTests/Pods-EULAdemoAPDGTests.release.xcconfig"; sourceTree = "<group>"; };
		C77E420816F541280A41BA8E /* Pods_EULAdemoAPDGTests.framework */ = {isa = PBXFileReference; explicitFileType = wrapper.framework; includeInIndex = 0; path = Pods_EULAdemoAPDGTests.framework; sourceTree = BUILT_PRODUCTS_DIR; };
		EAE917E9E2FCF16CE56CE91A /* Pods-EULAdemoAPDG-EULAdemoAPDGUITests.debug.xcconfig */ = {isa = PBXFileReference; includeInIndex = 1; lastKnownFileType = text.xcconfig; name = "Pods-EULAdemoAPDG-EULAdemoAPDGUITests.debug.xcconfig"; path = "Target Support Files/Pods-EULAdemoAPDG-EULAdemoAPDGUITests/Pods-EULAdemoAPDG-EULAdemoAPDGUITests.debug.xcconfig"; sourceTree = "<group>"; };
/* End PBXFileReference section */

/* Begin PBXFrameworksBuildPhase section */
		9C0421C825EF438F0015A04F /* Frameworks */ = {
			isa = PBXFrameworksBuildPhase;
			buildActionMask = 2147483647;
			files = (
				905C98AFD93B21154633AF1A /* Pods_EULAdemoAPDG.framework in Frameworks */,
			);
			runOnlyForDeploymentPostprocessing = 0;
		};
		9C0421DE25EF43900015A04F /* Frameworks */ = {
			isa = PBXFrameworksBuildPhase;
			buildActionMask = 2147483647;
			files = (
				C76B8779D3E41474F2ABC489 /* Pods_EULAdemoAPDGTests.framework in Frameworks */,
			);
			runOnlyForDeploymentPostprocessing = 0;
		};
		9C0421E925EF43900015A04F /* Frameworks */ = {
			isa = PBXFrameworksBuildPhase;
			buildActionMask = 2147483647;
			files = (
				E7BA44C9F0B24E9D019B9A36 /* Pods_EULAdemoAPDG_EULAdemoAPDGUITests.framework in Frameworks */,
			);
			runOnlyForDeploymentPostprocessing = 0;
		};
/* End PBXFrameworksBuildPhase section */

/* Begin PBXGroup section */
		9C0421C225EF438F0015A04F = {
			isa = PBXGroup;
			children = (
				9C0421CD25EF438F0015A04F /* EULAdemoAPDG */,
				9C0421E425EF43900015A04F /* EULAdemoAPDGTests */,
				9C0421EF25EF43900015A04F /* EULAdemoAPDGUITests */,
				9C0421CC25EF438F0015A04F /* Products */,
				C92C8CD4AD19319BD41D6CB9 /* Pods */,
				BC0FA3A82546848C90DC514C /* Frameworks */,
			);
			sourceTree = "<group>";
		};
		9C0421CC25EF438F0015A04F /* Products */ = {
			isa = PBXGroup;
			children = (
				9C0421CB25EF438F0015A04F /* EULAdemoAPDG.app */,
				9C0421E125EF43900015A04F /* EULAdemoAPDGTests.xctest */,
				9C0421EC25EF43900015A04F /* EULAdemoAPDGUITests.xctest */,
			);
			name = Products;
			sourceTree = "<group>";
		};
		9C0421CD25EF438F0015A04F /* EULAdemoAPDG */ = {
			isa = PBXGroup;
			children = (
				9C04220225EF43DF0015A04F /* Utils */,
				9C04220125EF43D60015A04F /* Modules */,
				9C0421CE25EF438F0015A04F /* AppDelegate.swift */,
				9C0421D025EF438F0015A04F /* SceneDelegate.swift */,
				9C0421D225EF438F0015A04F /* ViewController.swift */,
				9C0421D425EF438F0015A04F /* Main.storyboard */,
				9C0421D725EF43900015A04F /* Assets.xcassets */,
				9C0421D925EF43900015A04F /* LaunchScreen.storyboard */,
				9C0421DC25EF43900015A04F /* Info.plist */,
			);
			path = EULAdemoAPDG;
			sourceTree = "<group>";
		};
		9C0421E425EF43900015A04F /* EULAdemoAPDGTests */ = {
			isa = PBXGroup;
			children = (
				9C0421E525EF43900015A04F /* EULAdemoAPDGTests.swift */,
				9C0421E725EF43900015A04F /* Info.plist */,
			);
			path = EULAdemoAPDGTests;
			sourceTree = "<group>";
		};
		9C0421EF25EF43900015A04F /* EULAdemoAPDGUITests */ = {
			isa = PBXGroup;
			children = (
				9C0421F025EF43900015A04F /* EULAdemoAPDGUITests.swift */,
				9C0421F225EF43900015A04F /* Info.plist */,
			);
			path = EULAdemoAPDGUITests;
			sourceTree = "<group>";
		};
		9C04220125EF43D60015A04F /* Modules */ = {
			isa = PBXGroup;
			children = (
				9C4DB3A125EF4C79001AA4F9 /* Search */,
			);
			path = Modules;
			sourceTree = "<group>";
		};
		9C04220225EF43DF0015A04F /* Utils */ = {
			isa = PBXGroup;
			children = (
				9C04220625EF44270015A04F /* EULAUtils */,
				9C04220525EF44170015A04F /* EULAServices */,
			);
			path = Utils;
			sourceTree = "<group>";
		};
		9C04220525EF44170015A04F /* EULAServices */ = {
			isa = PBXGroup;
			children = (
				9C04220925EF44620015A04F /* RequestModels */,
				9C04220825EF44440015A04F /* ResponseModels */,
				9C04220725EF443C0015A04F /* RequestBuilder */,
			);
			path = EULAServices;
			sourceTree = "<group>";
		};
		9C04220625EF44270015A04F /* EULAUtils */ = {
			isa = PBXGroup;
			children = (
			);
			path = EULAUtils;
			sourceTree = "<group>";
		};
		9C04220725EF443C0015A04F /* RequestBuilder */ = {
			isa = PBXGroup;
			children = (
				9C04220B25EF44F00015A04F /* RequesProtocol.swift */,
				9C04220C25EF44F00015A04F /* Services.swift */,
				9C04220A25EF44F00015A04F /* StockURL.swift */,
			);
			path = RequestBuilder;
			sourceTree = "<group>";
		};
		9C04220825EF44440015A04F /* ResponseModels */ = {
			isa = PBXGroup;
			children = (
				9C4DB3C225EF59EF001AA4F9 /* LookupResponse */,
				9C4DB39925EF4B9F001AA4F9 /* SearchResponse */,
			);
			path = ResponseModels;
			sourceTree = "<group>";
		};
		9C04220925EF44620015A04F /* RequestModels */ = {
			isa = PBXGroup;
			children = (
				9C4DB39425EF4A4F001AA4F9 /* RequestSearch.swift */,
				9C4DB3BD25EF5809001AA4F9 /* RequestDetailMeal.swift */,
			);
			path = RequestModels;
			sourceTree = "<group>";
		};
		9C4DB39925EF4B9F001AA4F9 /* SearchResponse */ = {
			isa = PBXGroup;
			children = (
				9C4DB39A25EF4BC5001AA4F9 /* Meals.swift */,
				9C4DB39B25EF4BC5001AA4F9 /* ResponseSearch.swift */,
			);
			path = SearchResponse;
			sourceTree = "<group>";
		};
		9C4DB3A125EF4C79001AA4F9 /* Search */ = {
			isa = PBXGroup;
			children = (
				9C4DB3AD25EF4D58001AA4F9 /* Models */,
				9C4DB3A425EF4CC7001AA4F9 /* Router */,
				9C4DB3A325EF4CC2001AA4F9 /* Presenter */,
				9C4DB3A225EF4CBC001AA4F9 /* Interactor */,
			);
			path = Search;
			sourceTree = "<group>";
		};
		9C4DB3A225EF4CBC001AA4F9 /* Interactor */ = {
			isa = PBXGroup;
			children = (
				9C4DB3A525EF4CF5001AA4F9 /* SearchInteractor.swift */,
			);
			path = Interactor;
			sourceTree = "<group>";
		};
		9C4DB3A325EF4CC2001AA4F9 /* Presenter */ = {
			isa = PBXGroup;
			children = (
				9C4DB3AF25EF4EC8001AA4F9 /* SearchPresenter.swift */,
			);
			path = Presenter;
			sourceTree = "<group>";
		};
		9C4DB3A425EF4CC7001AA4F9 /* Router */ = {
			isa = PBXGroup;
			children = (
				9C4DB3CD25EF5BC0001AA4F9 /* SearchRouter.swift */,
			);
			path = Router;
			sourceTree = "<group>";
		};
		9C4DB3AD25EF4D58001AA4F9 /* Models */ = {
			isa = PBXGroup;
			children = (
				9C4DB3B425EF4F0D001AA4F9 /* SearchModel.swift */,
			);
			path = Models;
			sourceTree = "<group>";
		};
		9C4DB3C225EF59EF001AA4F9 /* LookupResponse */ = {
			isa = PBXGroup;
			children = (
				9C4DB3C425EF5A15001AA4F9 /* LookupResponse.swift */,
				9C4DB3C325EF5A15001AA4F9 /* MealsDetail.swift */,
			);
			path = LookupResponse;
			sourceTree = "<group>";
		};
		BC0FA3A82546848C90DC514C /* Frameworks */ = {
			isa = PBXGroup;
			children = (
				25BE51E63F74612604E1744B /* Pods_EULAdemoAPDG.framework */,
				AF63BEDA8E510B82DD7A7AB5 /* Pods_EULAdemoAPDG_EULAdemoAPDGUITests.framework */,
				C77E420816F541280A41BA8E /* Pods_EULAdemoAPDGTests.framework */,
			);
			name = Frameworks;
			sourceTree = "<group>";
		};
		C92C8CD4AD19319BD41D6CB9 /* Pods */ = {
			isa = PBXGroup;
			children = (
				2302ED05DB7C87AD10387340 /* Pods-EULAdemoAPDG.debug.xcconfig */,
				7C874DC2D29E98432C5BFAC3 /* Pods-EULAdemoAPDG.release.xcconfig */,
				EAE917E9E2FCF16CE56CE91A /* Pods-EULAdemoAPDG-EULAdemoAPDGUITests.debug.xcconfig */,
				B190A02CF0EC89DE3558FDE8 /* Pods-EULAdemoAPDG-EULAdemoAPDGUITests.release.xcconfig */,
				161D5CA8A03C2F45B2D60371 /* Pods-EULAdemoAPDGTests.debug.xcconfig */,
				BF759F0EC248937357315434 /* Pods-EULAdemoAPDGTests.release.xcconfig */,
			);
			path = Pods;
			sourceTree = "<group>";
		};
/* End PBXGroup section */

/* Begin PBXNativeTarget section */
		9C0421CA25EF438F0015A04F /* EULAdemoAPDG */ = {
			isa = PBXNativeTarget;
			buildConfigurationList = 9C0421F525EF43900015A04F /* Build configuration list for PBXNativeTarget "EULAdemoAPDG" */;
			buildPhases = (
				5AC5B52DEEFCCB58C21ACBD0 /* [CP] Check Pods Manifest.lock */,
				9C0421C725EF438F0015A04F /* Sources */,
				9C0421C825EF438F0015A04F /* Frameworks */,
				9C0421C925EF438F0015A04F /* Resources */,
				F3C677AAE7DFFD16E403C853 /* [CP] Embed Pods Frameworks */,
			);
			buildRules = (
			);
			dependencies = (
			);
			name = EULAdemoAPDG;
			productName = EULAdemoAPDG;
			productReference = 9C0421CB25EF438F0015A04F /* EULAdemoAPDG.app */;
			productType = "com.apple.product-type.application";
		};
		9C0421E025EF43900015A04F /* EULAdemoAPDGTests */ = {
			isa = PBXNativeTarget;
			buildConfigurationList = 9C0421F825EF43900015A04F /* Build configuration list for PBXNativeTarget "EULAdemoAPDGTests" */;
			buildPhases = (
				1ED5F20E197A44526C8376F6 /* [CP] Check Pods Manifest.lock */,
				9C0421DD25EF43900015A04F /* Sources */,
				9C0421DE25EF43900015A04F /* Frameworks */,
				9C0421DF25EF43900015A04F /* Resources */,
			);
			buildRules = (
			);
			dependencies = (
				9C0421E325EF43900015A04F /* PBXTargetDependency */,
			);
			name = EULAdemoAPDGTests;
			productName = EULAdemoAPDGTests;
			productReference = 9C0421E125EF43900015A04F /* EULAdemoAPDGTests.xctest */;
			productType = "com.apple.product-type.bundle.unit-test";
		};
		9C0421EB25EF43900015A04F /* EULAdemoAPDGUITests */ = {
			isa = PBXNativeTarget;
			buildConfigurationList = 9C0421FB25EF43900015A04F /* Build configuration list for PBXNativeTarget "EULAdemoAPDGUITests" */;
			buildPhases = (
				29B291362D389BF4E4BE6EF2 /* [CP] Check Pods Manifest.lock */,
				9C0421E825EF43900015A04F /* Sources */,
				9C0421E925EF43900015A04F /* Frameworks */,
				9C0421EA25EF43900015A04F /* Resources */,
				CE1C7295F7371A5039512305 /* [CP] Embed Pods Frameworks */,
			);
			buildRules = (
			);
			dependencies = (
				9C0421EE25EF43900015A04F /* PBXTargetDependency */,
			);
			name = EULAdemoAPDGUITests;
			productName = EULAdemoAPDGUITests;
			productReference = 9C0421EC25EF43900015A04F /* EULAdemoAPDGUITests.xctest */;
			productType = "com.apple.product-type.bundle.ui-testing";
		};
/* End PBXNativeTarget section */

/* Begin PBXProject section */
		9C0421C325EF438F0015A04F /* Project object */ = {
			isa = PBXProject;
			attributes = {
				LastSwiftUpdateCheck = 1240;
				LastUpgradeCheck = 1240;
				TargetAttributes = {
					9C0421CA25EF438F0015A04F = {
						CreatedOnToolsVersion = 12.4;
					};
					9C0421E025EF43900015A04F = {
						CreatedOnToolsVersion = 12.4;
						TestTargetID = 9C0421CA25EF438F0015A04F;
					};
					9C0421EB25EF43900015A04F = {
						CreatedOnToolsVersion = 12.4;
						TestTargetID = 9C0421CA25EF438F0015A04F;
					};
				};
			};
			buildConfigurationList = 9C0421C625EF438F0015A04F /* Build configuration list for PBXProject "EULAdemoAPDG" */;
			compatibilityVersion = "Xcode 9.3";
			developmentRegion = en;
			hasScannedForEncodings = 0;
			knownRegions = (
				en,
				Base,
			);
			mainGroup = 9C0421C225EF438F0015A04F;
			productRefGroup = 9C0421CC25EF438F0015A04F /* Products */;
			projectDirPath = "";
			projectRoot = "";
			targets = (
				9C0421CA25EF438F0015A04F /* EULAdemoAPDG */,
				9C0421E025EF43900015A04F /* EULAdemoAPDGTests */,
				9C0421EB25EF43900015A04F /* EULAdemoAPDGUITests */,
			);
		};
/* End PBXProject section */

/* Begin PBXResourcesBuildPhase section */
		9C0421C925EF438F0015A04F /* Resources */ = {
			isa = PBXResourcesBuildPhase;
			buildActionMask = 2147483647;
			files = (
				9C0421DB25EF43900015A04F /* LaunchScreen.storyboard in Resources */,
				9C0421D825EF43900015A04F /* Assets.xcassets in Resources */,
				9C0421D625EF438F0015A04F /* Main.storyboard in Resources */,
			);
			runOnlyForDeploymentPostprocessing = 0;
		};
		9C0421DF25EF43900015A04F /* Resources */ = {
			isa = PBXResourcesBuildPhase;
			buildActionMask = 2147483647;
			files = (
			);
			runOnlyForDeploymentPostprocessing = 0;
		};
		9C0421EA25EF43900015A04F /* Resources */ = {
			isa = PBXResourcesBuildPhase;
			buildActionMask = 2147483647;
			files = (
			);
			runOnlyForDeploymentPostprocessing = 0;
		};
/* End PBXResourcesBuildPhase section */

/* Begin PBXShellScriptBuildPhase section */
		1ED5F20E197A44526C8376F6 /* [CP] Check Pods Manifest.lock */ = {
			isa = PBXShellScriptBuildPhase;
			buildActionMask = 2147483647;
			files = (
			);
			inputFileListPaths = (
			);
			inputPaths = (
				"${PODS_PODFILE_DIR_PATH}/Podfile.lock",
				"${PODS_ROOT}/Manifest.lock",
			);
			name = "[CP] Check Pods Manifest.lock";
			outputFileListPaths = (
			);
			outputPaths = (
				"$(DERIVED_FILE_DIR)/Pods-EULAdemoAPDGTests-checkManifestLockResult.txt",
			);
			runOnlyForDeploymentPostprocessing = 0;
			shellPath = /bin/sh;
			shellScript = "diff \"${PODS_PODFILE_DIR_PATH}/Podfile.lock\" \"${PODS_ROOT}/Manifest.lock\" > /dev/null\nif [ $? != 0 ] ; then\n    # print error to STDERR\n    echo \"error: The sandbox is not in sync with the Podfile.lock. Run 'pod install' or update your CocoaPods installation.\" >&2\n    exit 1\nfi\n# This output is used by Xcode 'outputs' to avoid re-running this script phase.\necho \"SUCCESS\" > \"${SCRIPT_OUTPUT_FILE_0}\"\n";
			showEnvVarsInLog = 0;
		};
		29B291362D389BF4E4BE6EF2 /* [CP] Check Pods Manifest.lock */ = {
			isa = PBXShellScriptBuildPhase;
			buildActionMask = 2147483647;
			files = (
			);
			inputFileListPaths = (
			);
			inputPaths = (
				"${PODS_PODFILE_DIR_PATH}/Podfile.lock",
				"${PODS_ROOT}/Manifest.lock",
			);
			name = "[CP] Check Pods Manifest.lock";
			outputFileListPaths = (
			);
			outputPaths = (
				"$(DERIVED_FILE_DIR)/Pods-EULAdemoAPDG-EULAdemoAPDGUITests-checkManifestLockResult.txt",
			);
			runOnlyForDeploymentPostprocessing = 0;
			shellPath = /bin/sh;
			shellScript = "diff \"${PODS_PODFILE_DIR_PATH}/Podfile.lock\" \"${PODS_ROOT}/Manifest.lock\" > /dev/null\nif [ $? != 0 ] ; then\n    # print error to STDERR\n    echo \"error: The sandbox is not in sync with the Podfile.lock. Run 'pod install' or update your CocoaPods installation.\" >&2\n    exit 1\nfi\n# This output is used by Xcode 'outputs' to avoid re-running this script phase.\necho \"SUCCESS\" > \"${SCRIPT_OUTPUT_FILE_0}\"\n";
			showEnvVarsInLog = 0;
		};
		5AC5B52DEEFCCB58C21ACBD0 /* [CP] Check Pods Manifest.lock */ = {
			isa = PBXShellScriptBuildPhase;
			buildActionMask = 2147483647;
			files = (
			);
			inputFileListPaths = (
			);
			inputPaths = (
				"${PODS_PODFILE_DIR_PATH}/Podfile.lock",
				"${PODS_ROOT}/Manifest.lock",
			);
			name = "[CP] Check Pods Manifest.lock";
			outputFileListPaths = (
			);
			outputPaths = (
				"$(DERIVED_FILE_DIR)/Pods-EULAdemoAPDG-checkManifestLockResult.txt",
			);
			runOnlyForDeploymentPostprocessing = 0;
			shellPath = /bin/sh;
			shellScript = "diff \"${PODS_PODFILE_DIR_PATH}/Podfile.lock\" \"${PODS_ROOT}/Manifest.lock\" > /dev/null\nif [ $? != 0 ] ; then\n    # print error to STDERR\n    echo \"error: The sandbox is not in sync with the Podfile.lock. Run 'pod install' or update your CocoaPods installation.\" >&2\n    exit 1\nfi\n# This output is used by Xcode 'outputs' to avoid re-running this script phase.\necho \"SUCCESS\" > \"${SCRIPT_OUTPUT_FILE_0}\"\n";
			showEnvVarsInLog = 0;
		};
		CE1C7295F7371A5039512305 /* [CP] Embed Pods Frameworks */ = {
			isa = PBXShellScriptBuildPhase;
			buildActionMask = 2147483647;
			files = (
			);
			inputFileListPaths = (
				"${PODS_ROOT}/Target Support Files/Pods-EULAdemoAPDG-EULAdemoAPDGUITests/Pods-EULAdemoAPDG-EULAdemoAPDGUITests-frameworks-${CONFIGURATION}-input-files.xcfilelist",
			);
			name = "[CP] Embed Pods Frameworks";
			outputFileListPaths = (
				"${PODS_ROOT}/Target Support Files/Pods-EULAdemoAPDG-EULAdemoAPDGUITests/Pods-EULAdemoAPDG-EULAdemoAPDGUITests-frameworks-${CONFIGURATION}-output-files.xcfilelist",
			);
			runOnlyForDeploymentPostprocessing = 0;
			shellPath = /bin/sh;
			shellScript = "\"${PODS_ROOT}/Target Support Files/Pods-EULAdemoAPDG-EULAdemoAPDGUITests/Pods-EULAdemoAPDG-EULAdemoAPDGUITests-frameworks.sh\"\n";
			showEnvVarsInLog = 0;
		};
		F3C677AAE7DFFD16E403C853 /* [CP] Embed Pods Frameworks */ = {
			isa = PBXShellScriptBuildPhase;
			buildActionMask = 2147483647;
			files = (
			);
			inputFileListPaths = (
				"${PODS_ROOT}/Target Support Files/Pods-EULAdemoAPDG/Pods-EULAdemoAPDG-frameworks-${CONFIGURATION}-input-files.xcfilelist",
			);
			name = "[CP] Embed Pods Frameworks";
			outputFileListPaths = (
				"${PODS_ROOT}/Target Support Files/Pods-EULAdemoAPDG/Pods-EULAdemoAPDG-frameworks-${CONFIGURATION}-output-files.xcfilelist",
			);
			runOnlyForDeploymentPostprocessing = 0;
			shellPath = /bin/sh;
			shellScript = "\"${PODS_ROOT}/Target Support Files/Pods-EULAdemoAPDG/Pods-EULAdemoAPDG-frameworks.sh\"\n";
			showEnvVarsInLog = 0;
		};
/* End PBXShellScriptBuildPhase section */

/* Begin PBXSourcesBuildPhase section */
		9C0421C725EF438F0015A04F /* Sources */ = {
			isa = PBXSourcesBuildPhase;
			buildActionMask = 2147483647;
			files = (
				9C4DB3B025EF4EC8001AA4F9 /* SearchPresenter.swift in Sources */,
				9C4DB39C25EF4BC5001AA4F9 /* Meals.swift in Sources */,
				9C4DB3C625EF5A15001AA4F9 /* LookupResponse.swift in Sources */,
				9C4DB3BE25EF5809001AA4F9 /* RequestDetailMeal.swift in Sources */,
				9C4DB3CE25EF5BC0001AA4F9 /* SearchRouter.swift in Sources */,
				9C4DB39D25EF4BC5001AA4F9 /* ResponseSearch.swift in Sources */,
				9C4DB3B525EF4F0D001AA4F9 /* SearchModel.swift in Sources */,
				9C04220E25EF44F00015A04F /* RequesProtocol.swift in Sources */,
				9C04220F25EF44F00015A04F /* Services.swift in Sources */,
				9C4DB3A625EF4CF5001AA4F9 /* SearchInteractor.swift in Sources */,
				9C04220D25EF44F00015A04F /* StockURL.swift in Sources */,
				9C4DB39525EF4A4F001AA4F9 /* RequestSearch.swift in Sources */,
				9C0421D325EF438F0015A04F /* ViewController.swift in Sources */,
				9C0421CF25EF438F0015A04F /* AppDelegate.swift in Sources */,
				9C4DB3C525EF5A15001AA4F9 /* MealsDetail.swift in Sources */,
				9C0421D125EF438F0015A04F /* SceneDelegate.swift in Sources */,
			);
			runOnlyForDeploymentPostprocessing = 0;
		};
		9C0421DD25EF43900015A04F /* Sources */ = {
			isa = PBXSourcesBuildPhase;
			buildActionMask = 2147483647;
			files = (
				9C0421E625EF43900015A04F /* EULAdemoAPDGTests.swift in Sources */,
			);
			runOnlyForDeploymentPostprocessing = 0;
		};
		9C0421E825EF43900015A04F /* Sources */ = {
			isa = PBXSourcesBuildPhase;
			buildActionMask = 2147483647;
			files = (
				9C0421F125EF43900015A04F /* EULAdemoAPDGUITests.swift in Sources */,
			);
			runOnlyForDeploymentPostprocessing = 0;
		};
/* End PBXSourcesBuildPhase section */

/* Begin PBXTargetDependency section */
		9C0421E325EF43900015A04F /* PBXTargetDependency */ = {
			isa = PBXTargetDependency;
			target = 9C0421CA25EF438F0015A04F /* EULAdemoAPDG */;
			targetProxy = 9C0421E225EF43900015A04F /* PBXContainerItemProxy */;
		};
		9C0421EE25EF43900015A04F /* PBXTargetDependency */ = {
			isa = PBXTargetDependency;
			target = 9C0421CA25EF438F0015A04F /* EULAdemoAPDG */;
			targetProxy = 9C0421ED25EF43900015A04F /* PBXContainerItemProxy */;
		};
/* End PBXTargetDependency section */

/* Begin PBXVariantGroup section */
		9C0421D425EF438F0015A04F /* Main.storyboard */ = {
			isa = PBXVariantGroup;
			children = (
				9C0421D525EF438F0015A04F /* Base */,
			);
			name = Main.storyboard;
			sourceTree = "<group>";
		};
		9C0421D925EF43900015A04F /* LaunchScreen.storyboard */ = {
			isa = PBXVariantGroup;
			children = (
				9C0421DA25EF43900015A04F /* Base */,
			);
			name = LaunchScreen.storyboard;
			sourceTree = "<group>";
		};
/* End PBXVariantGroup section */

/* Begin XCBuildConfiguration section */
		9C0421F325EF43900015A04F /* Debug */ = {
			isa = XCBuildConfiguration;
			buildSettings = {
				ALWAYS_SEARCH_USER_PATHS = NO;
				CLANG_ANALYZER_NONNULL = YES;
				CLANG_ANALYZER_NUMBER_OBJECT_CONVERSION = YES_AGGRESSIVE;
				CLANG_CXX_LANGUAGE_STANDARD = "gnu++14";
				CLANG_CXX_LIBRARY = "libc++";
				CLANG_ENABLE_MODULES = YES;
				CLANG_ENABLE_OBJC_ARC = YES;
				CLANG_ENABLE_OBJC_WEAK = YES;
				CLANG_WARN_BLOCK_CAPTURE_AUTORELEASING = YES;
				CLANG_WARN_BOOL_CONVERSION = YES;
				CLANG_WARN_COMMA = YES;
				CLANG_WARN_CONSTANT_CONVERSION = YES;
				CLANG_WARN_DEPRECATED_OBJC_IMPLEMENTATIONS = YES;
				CLANG_WARN_DIRECT_OBJC_ISA_USAGE = YES_ERROR;
				CLANG_WARN_DOCUMENTATION_COMMENTS = YES;
				CLANG_WARN_EMPTY_BODY = YES;
				CLANG_WARN_ENUM_CONVERSION = YES;
				CLANG_WARN_INFINITE_RECURSION = YES;
				CLANG_WARN_INT_CONVERSION = YES;
				CLANG_WARN_NON_LITERAL_NULL_CONVERSION = YES;
				CLANG_WARN_OBJC_IMPLICIT_RETAIN_SELF = YES;
				CLANG_WARN_OBJC_LITERAL_CONVERSION = YES;
				CLANG_WARN_OBJC_ROOT_CLASS = YES_ERROR;
				CLANG_WARN_QUOTED_INCLUDE_IN_FRAMEWORK_HEADER = YES;
				CLANG_WARN_RANGE_LOOP_ANALYSIS = YES;
				CLANG_WARN_STRICT_PROTOTYPES = YES;
				CLANG_WARN_SUSPICIOUS_MOVE = YES;
				CLANG_WARN_UNGUARDED_AVAILABILITY = YES_AGGRESSIVE;
				CLANG_WARN_UNREACHABLE_CODE = YES;
				CLANG_WARN__DUPLICATE_METHOD_MATCH = YES;
				COPY_PHASE_STRIP = NO;
				DEBUG_INFORMATION_FORMAT = dwarf;
				ENABLE_STRICT_OBJC_MSGSEND = YES;
				ENABLE_TESTABILITY = YES;
				GCC_C_LANGUAGE_STANDARD = gnu11;
				GCC_DYNAMIC_NO_PIC = NO;
				GCC_NO_COMMON_BLOCKS = YES;
				GCC_OPTIMIZATION_LEVEL = 0;
				GCC_PREPROCESSOR_DEFINITIONS = (
					"DEBUG=1",
					"$(inherited)",
				);
				GCC_WARN_64_TO_32_BIT_CONVERSION = YES;
				GCC_WARN_ABOUT_RETURN_TYPE = YES_ERROR;
				GCC_WARN_UNDECLARED_SELECTOR = YES;
				GCC_WARN_UNINITIALIZED_AUTOS = YES_AGGRESSIVE;
				GCC_WARN_UNUSED_FUNCTION = YES;
				GCC_WARN_UNUSED_VARIABLE = YES;
				IPHONEOS_DEPLOYMENT_TARGET = 14.4;
				MTL_ENABLE_DEBUG_INFO = INCLUDE_SOURCE;
				MTL_FAST_MATH = YES;
				ONLY_ACTIVE_ARCH = YES;
				SDKROOT = iphoneos;
				SWIFT_ACTIVE_COMPILATION_CONDITIONS = DEBUG;
				SWIFT_OPTIMIZATION_LEVEL = "-Onone";
			};
			name = Debug;
		};
		9C0421F425EF43900015A04F /* Release */ = {
			isa = XCBuildConfiguration;
			buildSettings = {
				ALWAYS_SEARCH_USER_PATHS = NO;
				CLANG_ANALYZER_NONNULL = YES;
				CLANG_ANALYZER_NUMBER_OBJECT_CONVERSION = YES_AGGRESSIVE;
				CLANG_CXX_LANGUAGE_STANDARD = "gnu++14";
				CLANG_CXX_LIBRARY = "libc++";
				CLANG_ENABLE_MODULES = YES;
				CLANG_ENABLE_OBJC_ARC = YES;
				CLANG_ENABLE_OBJC_WEAK = YES;
				CLANG_WARN_BLOCK_CAPTURE_AUTORELEASING = YES;
				CLANG_WARN_BOOL_CONVERSION = YES;
				CLANG_WARN_COMMA = YES;
				CLANG_WARN_CONSTANT_CONVERSION = YES;
				CLANG_WARN_DEPRECATED_OBJC_IMPLEMENTATIONS = YES;
				CLANG_WARN_DIRECT_OBJC_ISA_USAGE = YES_ERROR;
				CLANG_WARN_DOCUMENTATION_COMMENTS = YES;
				CLANG_WARN_EMPTY_BODY = YES;
				CLANG_WARN_ENUM_CONVERSION = YES;
				CLANG_WARN_INFINITE_RECURSION = YES;
				CLANG_WARN_INT_CONVERSION = YES;
				CLANG_WARN_NON_LITERAL_NULL_CONVERSION = YES;
				CLANG_WARN_OBJC_IMPLICIT_RETAIN_SELF = YES;
				CLANG_WARN_OBJC_LITERAL_CONVERSION = YES;
				CLANG_WARN_OBJC_ROOT_CLASS = YES_ERROR;
				CLANG_WARN_QUOTED_INCLUDE_IN_FRAMEWORK_HEADER = YES;
				CLANG_WARN_RANGE_LOOP_ANALYSIS = YES;
				CLANG_WARN_STRICT_PROTOTYPES = YES;
				CLANG_WARN_SUSPICIOUS_MOVE = YES;
				CLANG_WARN_UNGUARDED_AVAILABILITY = YES_AGGRESSIVE;
				CLANG_WARN_UNREACHABLE_CODE = YES;
				CLANG_WARN__DUPLICATE_METHOD_MATCH = YES;
				COPY_PHASE_STRIP = NO;
				DEBUG_INFORMATION_FORMAT = "dwarf-with-dsym";
				ENABLE_NS_ASSERTIONS = NO;
				ENABLE_STRICT_OBJC_MSGSEND = YES;
				GCC_C_LANGUAGE_STANDARD = gnu11;
				GCC_NO_COMMON_BLOCKS = YES;
				GCC_WARN_64_TO_32_BIT_CONVERSION = YES;
				GCC_WARN_ABOUT_RETURN_TYPE = YES_ERROR;
				GCC_WARN_UNDECLARED_SELECTOR = YES;
				GCC_WARN_UNINITIALIZED_AUTOS = YES_AGGRESSIVE;
				GCC_WARN_UNUSED_FUNCTION = YES;
				GCC_WARN_UNUSED_VARIABLE = YES;
				IPHONEOS_DEPLOYMENT_TARGET = 14.4;
				MTL_ENABLE_DEBUG_INFO = NO;
				MTL_FAST_MATH = YES;
				SDKROOT = iphoneos;
				SWIFT_COMPILATION_MODE = wholemodule;
				SWIFT_OPTIMIZATION_LEVEL = "-O";
				VALIDATE_PRODUCT = YES;
			};
			name = Release;
		};
		9C0421F625EF43900015A04F /* Debug */ = {
			isa = XCBuildConfiguration;
			baseConfigurationReference = 2302ED05DB7C87AD10387340 /* Pods-EULAdemoAPDG.debug.xcconfig */;
			buildSettings = {
				ASSETCATALOG_COMPILER_APPICON_NAME = AppIcon;
				ASSETCATALOG_COMPILER_GLOBAL_ACCENT_COLOR_NAME = AccentColor;
				CODE_SIGN_STYLE = Automatic;
				INFOPLIST_FILE = EULAdemoAPDG/Info.plist;
				LD_RUNPATH_SEARCH_PATHS = (
					"$(inherited)",
					"@executable_path/Frameworks",
				);
				PRODUCT_BUNDLE_IDENTIFIER = com.eula.demo.EULAdemoAPDG;
				PRODUCT_NAME = "$(TARGET_NAME)";
				SWIFT_VERSION = 5.0;
				TARGETED_DEVICE_FAMILY = "1,2";
			};
			name = Debug;
		};
		9C0421F725EF43900015A04F /* Release */ = {
			isa = XCBuildConfiguration;
			baseConfigurationReference = 7C874DC2D29E98432C5BFAC3 /* Pods-EULAdemoAPDG.release.xcconfig */;
			buildSettings = {
				ASSETCATALOG_COMPILER_APPICON_NAME = AppIcon;
				ASSETCATALOG_COMPILER_GLOBAL_ACCENT_COLOR_NAME = AccentColor;
				CODE_SIGN_STYLE = Automatic;
				INFOPLIST_FILE = EULAdemoAPDG/Info.plist;
				LD_RUNPATH_SEARCH_PATHS = (
					"$(inherited)",
					"@executable_path/Frameworks",
				);
				PRODUCT_BUNDLE_IDENTIFIER = com.eula.demo.EULAdemoAPDG;
				PRODUCT_NAME = "$(TARGET_NAME)";
				SWIFT_VERSION = 5.0;
				TARGETED_DEVICE_FAMILY = "1,2";
			};
			name = Release;
		};
		9C0421F925EF43900015A04F /* Debug */ = {
			isa = XCBuildConfiguration;
			baseConfigurationReference = 161D5CA8A03C2F45B2D60371 /* Pods-EULAdemoAPDGTests.debug.xcconfig */;
			buildSettings = {
				ALWAYS_EMBED_SWIFT_STANDARD_LIBRARIES = YES;
				BUNDLE_LOADER = "$(TEST_HOST)";
				CODE_SIGN_STYLE = Automatic;
				INFOPLIST_FILE = EULAdemoAPDGTests/Info.plist;
				IPHONEOS_DEPLOYMENT_TARGET = 14.4;
				LD_RUNPATH_SEARCH_PATHS = (
					"$(inherited)",
					"@executable_path/Frameworks",
					"@loader_path/Frameworks",
				);
				PRODUCT_BUNDLE_IDENTIFIER = com.eula.demo.EULAdemoAPDGTests;
				PRODUCT_NAME = "$(TARGET_NAME)";
				SWIFT_VERSION = 5.0;
				TARGETED_DEVICE_FAMILY = "1,2";
				TEST_HOST = "$(BUILT_PRODUCTS_DIR)/EULAdemoAPDG.app/EULAdemoAPDG";
			};
			name = Debug;
		};
		9C0421FA25EF43900015A04F /* Release */ = {
			isa = XCBuildConfiguration;
			baseConfigurationReference = BF759F0EC248937357315434 /* Pods-EULAdemoAPDGTests.release.xcconfig */;
			buildSettings = {
				ALWAYS_EMBED_SWIFT_STANDARD_LIBRARIES = YES;
				BUNDLE_LOADER = "$(TEST_HOST)";
				CODE_SIGN_STYLE = Automatic;
				INFOPLIST_FILE = EULAdemoAPDGTests/Info.plist;
				IPHONEOS_DEPLOYMENT_TARGET = 14.4;
				LD_RUNPATH_SEARCH_PATHS = (
					"$(inherited)",
					"@executable_path/Frameworks",
					"@loader_path/Frameworks",
				);
				PRODUCT_BUNDLE_IDENTIFIER = com.eula.demo.EULAdemoAPDGTests;
				PRODUCT_NAME = "$(TARGET_NAME)";
				SWIFT_VERSION = 5.0;
				TARGETED_DEVICE_FAMILY = "1,2";
				TEST_HOST = "$(BUILT_PRODUCTS_DIR)/EULAdemoAPDG.app/EULAdemoAPDG";
			};
			name = Release;
		};
		9C0421FC25EF43900015A04F /* Debug */ = {
			isa = XCBuildConfiguration;
			baseConfigurationReference = EAE917E9E2FCF16CE56CE91A /* Pods-EULAdemoAPDG-EULAdemoAPDGUITests.debug.xcconfig */;
			buildSettings = {
				ALWAYS_EMBED_SWIFT_STANDARD_LIBRARIES = YES;
				CODE_SIGN_STYLE = Automatic;
				INFOPLIST_FILE = EULAdemoAPDGUITests/Info.plist;
				LD_RUNPATH_SEARCH_PATHS = (
					"$(inherited)",
					"@executable_path/Frameworks",
					"@loader_path/Frameworks",
				);
				PRODUCT_BUNDLE_IDENTIFIER = com.eula.demo.EULAdemoAPDGUITests;
				PRODUCT_NAME = "$(TARGET_NAME)";
				SWIFT_VERSION = 5.0;
				TARGETED_DEVICE_FAMILY = "1,2";
				TEST_TARGET_NAME = EULAdemoAPDG;
			};
			name = Debug;
		};
		9C0421FD25EF43900015A04F /* Release */ = {
			isa = XCBuildConfiguration;
			baseConfigurationReference = B190A02CF0EC89DE3558FDE8 /* Pods-EULAdemoAPDG-EULAdemoAPDGUITests.release.xcconfig */;
			buildSettings = {
				ALWAYS_EMBED_SWIFT_STANDARD_LIBRARIES = YES;
				CODE_SIGN_STYLE = Automatic;
				INFOPLIST_FILE = EULAdemoAPDGUITests/Info.plist;
				LD_RUNPATH_SEARCH_PATHS = (
					"$(inherited)",
					"@executable_path/Frameworks",
					"@loader_path/Frameworks",
				);
				PRODUCT_BUNDLE_IDENTIFIER = com.eula.demo.EULAdemoAPDGUITests;
				PRODUCT_NAME = "$(TARGET_NAME)";
				SWIFT_VERSION = 5.0;
				TARGETED_DEVICE_FAMILY = "1,2";
				TEST_TARGET_NAME = EULAdemoAPDG;
			};
			name = Release;
		};
/* End XCBuildConfiguration section */

/* Begin XCConfigurationList section */
		9C0421C625EF438F0015A04F /* Build configuration list for PBXProject "EULAdemoAPDG" */ = {
			isa = XCConfigurationList;
			buildConfigurations = (
				9C0421F325EF43900015A04F /* Debug */,
				9C0421F425EF43900015A04F /* Release */,
			);
			defaultConfigurationIsVisible = 0;
			defaultConfigurationName = Release;
		};
		9C0421F525EF43900015A04F /* Build configuration list for PBXNativeTarget "EULAdemoAPDG" */ = {
			isa = XCConfigurationList;
			buildConfigurations = (
				9C0421F625EF43900015A04F /* Debug */,
				9C0421F725EF43900015A04F /* Release */,
			);
			defaultConfigurationIsVisible = 0;
			defaultConfigurationName = Release;
		};
		9C0421F825EF43900015A04F /* Build configuration list for PBXNativeTarget "EULAdemoAPDGTests" */ = {
			isa = XCConfigurationList;
			buildConfigurations = (
				9C0421F925EF43900015A04F /* Debug */,
				9C0421FA25EF43900015A04F /* Release */,
			);
			defaultConfigurationIsVisible = 0;
			defaultConfigurationName = Release;
		};
		9C0421FB25EF43900015A04F /* Build configuration list for PBXNativeTarget "EULAdemoAPDGUITests" */ = {
			isa = XCConfigurationList;
			buildConfigurations = (
				9C0421FC25EF43900015A04F /* Debug */,
				9C0421FD25EF43900015A04F /* Release */,
			);
			defaultConfigurationIsVisible = 0;
			defaultConfigurationName = Release;
		};
/* End XCConfigurationList section */
	};
	rootObject = 9C0421C325EF438F0015A04F /* Project object */;
}
