// !$*UTF8*$!
{
	archiveVersion = 1;
	classes = {
	};
	objectVersion = 50;
	objects = {

/* Begin PBXBuildFile section */
		9C0421CF25EF438F0015A04F /* AppDelegate.swift in Sources */ = {isa = PBXBuildFile; fileRef = 9C0421CE25EF438F0015A04F /* AppDelegate.swift */; };
		9C0421D125EF438F0015A04F /* SceneDelegate.swift in Sources */ = {isa = PBXBuildFile; fileRef = 9C0421D025EF438F0015A04F /* SceneDelegate.swift */; };
		9C0421D325EF438F0015A04F /* ViewController.swift in Sources */ = {isa = PBXBuildFile; fileRef = 9C0421D225EF438F0015A04F /* ViewController.swift */; };
		9C0421D625EF438F0015A04F /* Main.storyboard in Resources */ = {isa = PBXBuildFile; fileRef = 9C0421D425EF438F0015A04F /* Main.storyboard */; };
		9C0421D825EF43900015A04F /* Assets.xcassets in Resources */ = {isa = PBXBuildFile; fileRef = 9C0421D725EF43900015A04F /* Assets.xcassets */; };
		9C0421DB25EF43900015A04F /* LaunchScreen.storyboard in Resources */ = {isa = PBXBuildFile; fileRef = 9C0421D925EF43900015A04F /* LaunchScreen.storyboard */; };
		9C0421E625EF43900015A04F /* EULAdemoAPDGTests.swift in Sources */ = {isa = PBXBuildFile; fileRef = 9C0421E525EF43900015A04F /* EULAdemoAPDGTests.swift */; };
		9C0421F125EF43900015A04F /* EULAdemoAPDGUITests.swift in Sources */ = {isa = PBXBuildFile; fileRef = 9C0421F025EF43900015A04F /* EULAdemoAPDGUITests.swift */; };
/* End PBXBuildFile section */

/* Begin PBXContainerItemProxy section */
		9C0421E225EF43900015A04F /* PBXContainerItemProxy */ = {
			isa = PBXContainerItemProxy;
			containerPortal = 9C0421C325EF438F0015A04F /* Project object */;
			proxyType = 1;
			remoteGlobalIDString = 9C0421CA25EF438F0015A04F;
			remoteInfo = EULAdemoAPDG;
		};
		9C0421ED25EF43900015A04F /* PBXContainerItemProxy */ = {
			isa = PBXContainerItemProxy;
			containerPortal = 9C0421C325EF438F0015A04F /* Project object */;
			proxyType = 1;
			remoteGlobalIDString = 9C0421CA25EF438F0015A04F;
			remoteInfo = EULAdemoAPDG;
		};
/* End PBXContainerItemProxy section */

/* Begin PBXFileReference section */
		9C0421CB25EF438F0015A04F /* EULAdemoAPDG.app */ = {isa = PBXFileReference; explicitFileType = wrapper.application; includeInIndex = 0; path = EULAdemoAPDG.app; sourceTree = BUILT_PRODUCTS_DIR; };
		9C0421CE25EF438F0015A04F /* AppDelegate.swift */ = {isa = PBXFileReference; lastKnownFileType = sourcecode.swift; path = AppDelegate.swift; sourceTree = "<group>"; };
		9C0421D025EF438F0015A04F /* SceneDelegate.swift */ = {isa = PBXFileReference; lastKnownFileType = sourcecode.swift; path = SceneDelegate.swift; sourceTree = "<group>"; };
		9C0421D225EF438F0015A04F /* ViewController.swift */ = {isa = PBXFileReference; lastKnownFileType = sourcecode.swift; path = ViewController.swift; sourceTree = "<group>"; };
		9C0421D525EF438F0015A04F /* Base */ = {isa = PBXFileReference; lastKnownFileType = file.storyboard; name = Base; path = Base.lproj/Main.storyboard; sourceTree = "<group>"; };
		9C0421D725EF43900015A04F /* Assets.xcassets */ = {isa = PBXFileReference; lastKnownFileType = folder.assetcatalog; path = Assets.xcassets; sourceTree = "<group>"; };
		9C0421DA25EF43900015A04F /* Base */ = {isa = PBXFileReference; lastKnownFileType = file.storyboard; name = Base; path = Base.lproj/LaunchScreen.storyboard; sourceTree = "<group>"; };
		9C0421DC25EF43900015A04F /* Info.plist */ = {isa = PBXFileReference; lastKnownFileType = text.plist.xml; path = Info.plist; sourceTree = "<group>"; };
		9C0421E125EF43900015A04F /* EULAdemoAPDGTests.xctest */ = {isa = PBXFileReference; explicitFileType = wrapper.cfbundle; includeInIndex = 0; path = EULAdemoAPDGTests.xctest; sourceTree = BUILT_PRODUCTS_DIR; };
		9C0421E525EF43900015A04F /* EULAdemoAPDGTests.swift */ = {isa = PBXFileReference; lastKnownFileType = sourcecode.swift; path = EULAdemoAPDGTests.swift; sourceTree = "<group>"; };
		9C0421E725EF43900015A04F /* Info.plist */ = {isa = PBXFileReference; lastKnownFileType = text.plist.xml; path = Info.plist; sourceTree = "<group>"; };
		9C0421EC25EF43900015A04F /* EULAdemoAPDGUITests.xctest */ = {isa = PBXFileReference; explicitFileType = wrapper.cfbundle; includeInIndex = 0; path = EULAdemoAPDGUITests.xctest; sourceTree = BUILT_PRODUCTS_DIR; };
		9C0421F025EF43900015A04F /* EULAdemoAPDGUITests.swift */ = {isa = PBXFileReference; lastKnownFileType = sourcecode.swift; path = EULAdemoAPDGUITests.swift; sourceTree = "<group>"; };
		9C0421F225EF43900015A04F /* Info.plist */ = {isa = PBXFileReference; lastKnownFileType = text.plist.xml; path = Info.plist; sourceTree = "<group>"; };
/* End PBXFileReference section */

/* Begin PBXFrameworksBuildPhase section */
		9C0421C825EF438F0015A04F /* Frameworks */ = {
			isa = PBXFrameworksBuildPhase;
			buildActionMask = 2147483647;
			files = (
			);
			runOnlyForDeploymentPostprocessing = 0;
		};
		9C0421DE25EF43900015A04F /* Frameworks */ = {
			isa = PBXFrameworksBuildPhase;
			buildActionMask = 2147483647;
			files = (
			);
			runOnlyForDeploymentPostprocessing = 0;
		};
		9C0421E925EF43900015A04F /* Frameworks */ = {
			isa = PBXFrameworksBuildPhase;
			buildActionMask = 2147483647;
			files = (
			);
			runOnlyForDeploymentPostprocessing = 0;
		};
/* End PBXFrameworksBuildPhase section */

/* Begin PBXGroup section */
		9C0421C225EF438F0015A04F = {
			isa = PBXGroup;
			children = (
				9C0421CD25EF438F0015A04F /* EULAdemoAPDG */,
				9C0421E425EF43900015A04F /* EULAdemoAPDGTests */,
				9C0421EF25EF43900015A04F /* EULAdemoAPDGUITests */,
				9C0421CC25EF438F0015A04F /* Products */,
			);
			sourceTree = "<group>";
		};
		9C0421CC25EF438F0015A04F /* Products */ = {
			isa = PBXGroup;
			children = (
				9C0421CB25EF438F0015A04F /* EULAdemoAPDG.app */,
				9C0421E125EF43900015A04F /* EULAdemoAPDGTests.xctest */,
				9C0421EC25EF43900015A04F /* EULAdemoAPDGUITests.xctest */,
			);
			name = Products;
			sourceTree = "<group>";
		};
		9C0421CD25EF438F0015A04F /* EULAdemoAPDG */ = {
			isa = PBXGroup;
			children = (
				9C0421CE25EF438F0015A04F /* AppDelegate.swift */,
				9C0421D025EF438F0015A04F /* SceneDelegate.swift */,
				9C0421D225EF438F0015A04F /* ViewController.swift */,
				9C0421D425EF438F0015A04F /* Main.storyboard */,
				9C0421D725EF43900015A04F /* Assets.xcassets */,
				9C0421D925EF43900015A04F /* LaunchScreen.storyboard */,
				9C0421DC25EF43900015A04F /* Info.plist */,
			);
			path = EULAdemoAPDG;
			sourceTree = "<group>";
		};
		9C0421E425EF43900015A04F /* EULAdemoAPDGTests */ = {
			isa = PBXGroup;
			children = (
				9C0421E525EF43900015A04F /* EULAdemoAPDGTests.swift */,
				9C0421E725EF43900015A04F /* Info.plist */,
			);
			path = EULAdemoAPDGTests;
			sourceTree = "<group>";
		};
		9C0421EF25EF43900015A04F /* EULAdemoAPDGUITests */ = {
			isa = PBXGroup;
			children = (
				9C0421F025EF43900015A04F /* EULAdemoAPDGUITests.swift */,
				9C0421F225EF43900015A04F /* Info.plist */,
			);
			path = EULAdemoAPDGUITests;
			sourceTree = "<group>";
		};
/* End PBXGroup section */

/* Begin PBXNativeTarget section */
		9C0421CA25EF438F0015A04F /* EULAdemoAPDG */ = {
			isa = PBXNativeTarget;
			buildConfigurationList = 9C0421F525EF43900015A04F /* Build configuration list for PBXNativeTarget "EULAdemoAPDG" */;
			buildPhases = (
				9C0421C725EF438F0015A04F /* Sources */,
				9C0421C825EF438F0015A04F /* Frameworks */,
				9C0421C925EF438F0015A04F /* Resources */,
			);
			buildRules = (
			);
			dependencies = (
			);
			name = EULAdemoAPDG;
			productName = EULAdemoAPDG;
			productReference = 9C0421CB25EF438F0015A04F /* EULAdemoAPDG.app */;
			productType = "com.apple.product-type.application";
		};
		9C0421E025EF43900015A04F /* EULAdemoAPDGTests */ = {
			isa = PBXNativeTarget;
			buildConfigurationList = 9C0421F825EF43900015A04F /* Build configuration list for PBXNativeTarget "EULAdemoAPDGTests" */;
			buildPhases = (
				9C0421DD25EF43900015A04F /* Sources */,
				9C0421DE25EF43900015A04F /* Frameworks */,
				9C0421DF25EF43900015A04F /* Resources */,
			);
			buildRules = (
			);
			dependencies = (
				9C0421E325EF43900015A04F /* PBXTargetDependency */,
			);
			name = EULAdemoAPDGTests;
			productName = EULAdemoAPDGTests;
			productReference = 9C0421E125EF43900015A04F /* EULAdemoAPDGTests.xctest */;
			productType = "com.apple.product-type.bundle.unit-test";
		};
		9C0421EB25EF43900015A04F /* EULAdemoAPDGUITests */ = {
			isa = PBXNativeTarget;
			buildConfigurationList = 9C0421FB25EF43900015A04F /* Build configuration list for PBXNativeTarget "EULAdemoAPDGUITests" */;
			buildPhases = (
				9C0421E825EF43900015A04F /* Sources */,
				9C0421E925EF43900015A04F /* Frameworks */,
				9C0421EA25EF43900015A04F /* Resources */,
			);
			buildRules = (
			);
			dependencies = (
				9C0421EE25EF43900015A04F /* PBXTargetDependency */,
			);
			name = EULAdemoAPDGUITests;
			productName = EULAdemoAPDGUITests;
			productReference = 9C0421EC25EF43900015A04F /* EULAdemoAPDGUITests.xctest */;
			productType = "com.apple.product-type.bundle.ui-testing";
		};
/* End PBXNativeTarget section */

/* Begin PBXProject section */
		9C0421C325EF438F0015A04F /* Project object */ = {
			isa = PBXProject;
			attributes = {
				LastSwiftUpdateCheck = 1240;
				LastUpgradeCheck = 1240;
				TargetAttributes = {
					9C0421CA25EF438F0015A04F = {
						CreatedOnToolsVersion = 12.4;
					};
					9C0421E025EF43900015A04F = {
						CreatedOnToolsVersion = 12.4;
						TestTargetID = 9C0421CA25EF438F0015A04F;
					};
					9C0421EB25EF43900015A04F = {
						CreatedOnToolsVersion = 12.4;
						TestTargetID = 9C0421CA25EF438F0015A04F;
					};
				};
			};
			buildConfigurationList = 9C0421C625EF438F0015A04F /* Build configuration list for PBXProject "EULAdemoAPDG" */;
			compatibilityVersion = "Xcode 9.3";
			developmentRegion = en;
			hasScannedForEncodings = 0;
			knownRegions = (
				en,
				Base,
			);
			mainGroup = 9C0421C225EF438F0015A04F;
			productRefGroup = 9C0421CC25EF438F0015A04F /* Products */;
			projectDirPath = "";
			projectRoot = "";
			targets = (
				9C0421CA25EF438F0015A04F /* EULAdemoAPDG */,
				9C0421E025EF43900015A04F /* EULAdemoAPDGTests */,
				9C0421EB25EF43900015A04F /* EULAdemoAPDGUITests */,
			);
		};
/* End PBXProject section */

/* Begin PBXResourcesBuildPhase section */
		9C0421C925EF438F0015A04F /* Resources */ = {
			isa = PBXResourcesBuildPhase;
			buildActionMask = 2147483647;
			files = (
				9C0421DB25EF43900015A04F /* LaunchScreen.storyboard in Resources */,
				9C0421D825EF43900015A04F /* Assets.xcassets in Resources */,
				9C0421D625EF438F0015A04F /* Main.storyboard in Resources */,
			);
			runOnlyForDeploymentPostprocessing = 0;
		};
		9C0421DF25EF43900015A04F /* Resources */ = {
			isa = PBXResourcesBuildPhase;
			buildActionMask = 2147483647;
			files = (
			);
			runOnlyForDeploymentPostprocessing = 0;
		};
		9C0421EA25EF43900015A04F /* Resources */ = {
			isa = PBXResourcesBuildPhase;
			buildActionMask = 2147483647;
			files = (
			);
			runOnlyForDeploymentPostprocessing = 0;
		};
/* End PBXResourcesBuildPhase section */

/* Begin PBXSourcesBuildPhase section */
		9C0421C725EF438F0015A04F /* Sources */ = {
			isa = PBXSourcesBuildPhase;
			buildActionMask = 2147483647;
			files = (
				9C0421D325EF438F0015A04F /* ViewController.swift in Sources */,
				9C0421CF25EF438F0015A04F /* AppDelegate.swift in Sources */,
				9C0421D125EF438F0015A04F /* SceneDelegate.swift in Sources */,
			);
			runOnlyForDeploymentPostprocessing = 0;
		};
		9C0421DD25EF43900015A04F /* Sources */ = {
			isa = PBXSourcesBuildPhase;
			buildActionMask = 2147483647;
			files = (
				9C0421E625EF43900015A04F /* EULAdemoAPDGTests.swift in Sources */,
			);
			runOnlyForDeploymentPostprocessing = 0;
		};
		9C0421E825EF43900015A04F /* Sources */ = {
			isa = PBXSourcesBuildPhase;
			buildActionMask = 2147483647;
			files = (
				9C0421F125EF43900015A04F /* EULAdemoAPDGUITests.swift in Sources */,
			);
			runOnlyForDeploymentPostprocessing = 0;
		};
/* End PBXSourcesBuildPhase section */

/* Begin PBXTargetDependency section */
		9C0421E325EF43900015A04F /* PBXTargetDependency */ = {
			isa = PBXTargetDependency;
			target = 9C0421CA25EF438F0015A04F /* EULAdemoAPDG */;
			targetProxy = 9C0421E225EF43900015A04F /* PBXContainerItemProxy */;
		};
		9C0421EE25EF43900015A04F /* PBXTargetDependency */ = {
			isa = PBXTargetDependency;
			target = 9C0421CA25EF438F0015A04F /* EULAdemoAPDG */;
			targetProxy = 9C0421ED25EF43900015A04F /* PBXContainerItemProxy */;
		};
/* End PBXTargetDependency section */

/* Begin PBXVariantGroup section */
		9C0421D425EF438F0015A04F /* Main.storyboard */ = {
			isa = PBXVariantGroup;
			children = (
				9C0421D525EF438F0015A04F /* Base */,
			);
			name = Main.storyboard;
			sourceTree = "<group>";
		};
		9C0421D925EF43900015A04F /* LaunchScreen.storyboard */ = {
			isa = PBXVariantGroup;
			children = (
				9C0421DA25EF43900015A04F /* Base */,
			);
			name = LaunchScreen.storyboard;
			sourceTree = "<group>";
		};
/* End PBXVariantGroup section */

/* Begin XCBuildConfiguration section */
		9C0421F325EF43900015A04F /* Debug */ = {
			isa = XCBuildConfiguration;
			buildSettings = {
				ALWAYS_SEARCH_USER_PATHS = NO;
				CLANG_ANALYZER_NONNULL = YES;
				CLANG_ANALYZER_NUMBER_OBJECT_CONVERSION = YES_AGGRESSIVE;
				CLANG_CXX_LANGUAGE_STANDARD = "gnu++14";
				CLANG_CXX_LIBRARY = "libc++";
				CLANG_ENABLE_MODULES = YES;
				CLANG_ENABLE_OBJC_ARC = YES;
				CLANG_ENABLE_OBJC_WEAK = YES;
				CLANG_WARN_BLOCK_CAPTURE_AUTORELEASING = YES;
				CLANG_WARN_BOOL_CONVERSION = YES;
				CLANG_WARN_COMMA = YES;
				CLANG_WARN_CONSTANT_CONVERSION = YES;
				CLANG_WARN_DEPRECATED_OBJC_IMPLEMENTATIONS = YES;
				CLANG_WARN_DIRECT_OBJC_ISA_USAGE = YES_ERROR;
				CLANG_WARN_DOCUMENTATION_COMMENTS = YES;
				CLANG_WARN_EMPTY_BODY = YES;
				CLANG_WARN_ENUM_CONVERSION = YES;
				CLANG_WARN_INFINITE_RECURSION = YES;
				CLANG_WARN_INT_CONVERSION = YES;
				CLANG_WARN_NON_LITERAL_NULL_CONVERSION = YES;
				CLANG_WARN_OBJC_IMPLICIT_RETAIN_SELF = YES;
				CLANG_WARN_OBJC_LITERAL_CONVERSION = YES;
				CLANG_WARN_OBJC_ROOT_CLASS = YES_ERROR;
				CLANG_WARN_QUOTED_INCLUDE_IN_FRAMEWORK_HEADER = YES;
				CLANG_WARN_RANGE_LOOP_ANALYSIS = YES;
				CLANG_WARN_STRICT_PROTOTYPES = YES;
				CLANG_WARN_SUSPICIOUS_MOVE = YES;
				CLANG_WARN_UNGUARDED_AVAILABILITY = YES_AGGRESSIVE;
				CLANG_WARN_UNREACHABLE_CODE = YES;
				CLANG_WARN__DUPLICATE_METHOD_MATCH = YES;
				COPY_PHASE_STRIP = NO;
				DEBUG_INFORMATION_FORMAT = dwarf;
				ENABLE_STRICT_OBJC_MSGSEND = YES;
				ENABLE_TESTABILITY = YES;
				GCC_C_LANGUAGE_STANDARD = gnu11;
				GCC_DYNAMIC_NO_PIC = NO;
				GCC_NO_COMMON_BLOCKS = YES;
				GCC_OPTIMIZATION_LEVEL = 0;
				GCC_PREPROCESSOR_DEFINITIONS = (
					"DEBUG=1",
					"$(inherited)",
				);
				GCC_WARN_64_TO_32_BIT_CONVERSION = YES;
				GCC_WARN_ABOUT_RETURN_TYPE = YES_ERROR;
				GCC_WARN_UNDECLARED_SELECTOR = YES;
				GCC_WARN_UNINITIALIZED_AUTOS = YES_AGGRESSIVE;
				GCC_WARN_UNUSED_FUNCTION = YES;
				GCC_WARN_UNUSED_VARIABLE = YES;
				IPHONEOS_DEPLOYMENT_TARGET = 14.4;
				MTL_ENABLE_DEBUG_INFO = INCLUDE_SOURCE;
				MTL_FAST_MATH = YES;
				ONLY_ACTIVE_ARCH = YES;
				SDKROOT = iphoneos;
				SWIFT_ACTIVE_COMPILATION_CONDITIONS = DEBUG;
				SWIFT_OPTIMIZATION_LEVEL = "-Onone";
			};
			name = Debug;
		};
		9C0421F425EF43900015A04F /* Release */ = {
			isa = XCBuildConfiguration;
			buildSettings = {
				ALWAYS_SEARCH_USER_PATHS = NO;
				CLANG_ANALYZER_NONNULL = YES;
				CLANG_ANALYZER_NUMBER_OBJECT_CONVERSION = YES_AGGRESSIVE;
				CLANG_CXX_LANGUAGE_STANDARD = "gnu++14";
				CLANG_CXX_LIBRARY = "libc++";
				CLANG_ENABLE_MODULES = YES;
				CLANG_ENABLE_OBJC_ARC = YES;
				CLANG_ENABLE_OBJC_WEAK = YES;
				CLANG_WARN_BLOCK_CAPTURE_AUTORELEASING = YES;
				CLANG_WARN_BOOL_CONVERSION = YES;
				CLANG_WARN_COMMA = YES;
				CLANG_WARN_CONSTANT_CONVERSION = YES;
				CLANG_WARN_DEPRECATED_OBJC_IMPLEMENTATIONS = YES;
				CLANG_WARN_DIRECT_OBJC_ISA_USAGE = YES_ERROR;
				CLANG_WARN_DOCUMENTATION_COMMENTS = YES;
				CLANG_WARN_EMPTY_BODY = YES;
				CLANG_WARN_ENUM_CONVERSION = YES;
				CLANG_WARN_INFINITE_RECURSION = YES;
				CLANG_WARN_INT_CONVERSION = YES;
				CLANG_WARN_NON_LITERAL_NULL_CONVERSION = YES;
				CLANG_WARN_OBJC_IMPLICIT_RETAIN_SELF = YES;
				CLANG_WARN_OBJC_LITERAL_CONVERSION = YES;
				CLANG_WARN_OBJC_ROOT_CLASS = YES_ERROR;
				CLANG_WARN_QUOTED_INCLUDE_IN_FRAMEWORK_HEADER = YES;
				CLANG_WARN_RANGE_LOOP_ANALYSIS = YES;
				CLANG_WARN_STRICT_PROTOTYPES = YES;
				CLANG_WARN_SUSPICIOUS_MOVE = YES;
				CLANG_WARN_UNGUARDED_AVAILABILITY = YES_AGGRESSIVE;
				CLANG_WARN_UNREACHABLE_CODE = YES;
				CLANG_WARN__DUPLICATE_METHOD_MATCH = YES;
				COPY_PHASE_STRIP = NO;
				DEBUG_INFORMATION_FORMAT = "dwarf-with-dsym";
				ENABLE_NS_ASSERTIONS = NO;
				ENABLE_STRICT_OBJC_MSGSEND = YES;
				GCC_C_LANGUAGE_STANDARD = gnu11;
				GCC_NO_COMMON_BLOCKS = YES;
				GCC_WARN_64_TO_32_BIT_CONVERSION = YES;
				GCC_WARN_ABOUT_RETURN_TYPE = YES_ERROR;
				GCC_WARN_UNDECLARED_SELECTOR = YES;
				GCC_WARN_UNINITIALIZED_AUTOS = YES_AGGRESSIVE;
				GCC_WARN_UNUSED_FUNCTION = YES;
				GCC_WARN_UNUSED_VARIABLE = YES;
				IPHONEOS_DEPLOYMENT_TARGET = 14.4;
				MTL_ENABLE_DEBUG_INFO = NO;
				MTL_FAST_MATH = YES;
				SDKROOT = iphoneos;
				SWIFT_COMPILATION_MODE = wholemodule;
				SWIFT_OPTIMIZATION_LEVEL = "-O";
				VALIDATE_PRODUCT = YES;
			};
			name = Release;
		};
		9C0421F625EF43900015A04F /* Debug */ = {
			isa = XCBuildConfiguration;
			buildSettings = {
				ASSETCATALOG_COMPILER_APPICON_NAME = AppIcon;
				ASSETCATALOG_COMPILER_GLOBAL_ACCENT_COLOR_NAME = AccentColor;
				CODE_SIGN_STYLE = Automatic;
				INFOPLIST_FILE = EULAdemoAPDG/Info.plist;
				LD_RUNPATH_SEARCH_PATHS = (
					"$(inherited)",
					"@executable_path/Frameworks",
				);
				PRODUCT_BUNDLE_IDENTIFIER = com.eula.demo.EULAdemoAPDG;
				PRODUCT_NAME = "$(TARGET_NAME)";
				SWIFT_VERSION = 5.0;
				TARGETED_DEVICE_FAMILY = "1,2";
			};
			name = Debug;
		};
		9C0421F725EF43900015A04F /* Release */ = {
			isa = XCBuildConfiguration;
			buildSettings = {
				ASSETCATALOG_COMPILER_APPICON_NAME = AppIcon;
				ASSETCATALOG_COMPILER_GLOBAL_ACCENT_COLOR_NAME = AccentColor;
				CODE_SIGN_STYLE = Automatic;
				INFOPLIST_FILE = EULAdemoAPDG/Info.plist;
				LD_RUNPATH_SEARCH_PATHS = (
					"$(inherited)",
					"@executable_path/Frameworks",
				);
				PRODUCT_BUNDLE_IDENTIFIER = com.eula.demo.EULAdemoAPDG;
				PRODUCT_NAME = "$(TARGET_NAME)";
				SWIFT_VERSION = 5.0;
				TARGETED_DEVICE_FAMILY = "1,2";
			};
			name = Release;
		};
		9C0421F925EF43900015A04F /* Debug */ = {
			isa = XCBuildConfiguration;
			buildSettings = {
				ALWAYS_EMBED_SWIFT_STANDARD_LIBRARIES = YES;
				BUNDLE_LOADER = "$(TEST_HOST)";
				CODE_SIGN_STYLE = Automatic;
				INFOPLIST_FILE = EULAdemoAPDGTests/Info.plist;
				IPHONEOS_DEPLOYMENT_TARGET = 14.4;
				LD_RUNPATH_SEARCH_PATHS = (
					"$(inherited)",
					"@executable_path/Frameworks",
					"@loader_path/Frameworks",
				);
				PRODUCT_BUNDLE_IDENTIFIER = com.eula.demo.EULAdemoAPDGTests;
				PRODUCT_NAME = "$(TARGET_NAME)";
				SWIFT_VERSION = 5.0;
				TARGETED_DEVICE_FAMILY = "1,2";
				TEST_HOST = "$(BUILT_PRODUCTS_DIR)/EULAdemoAPDG.app/EULAdemoAPDG";
			};
			name = Debug;
		};
		9C0421FA25EF43900015A04F /* Release */ = {
			isa = XCBuildConfiguration;
			buildSettings = {
				ALWAYS_EMBED_SWIFT_STANDARD_LIBRARIES = YES;
				BUNDLE_LOADER = "$(TEST_HOST)";
				CODE_SIGN_STYLE = Automatic;
				INFOPLIST_FILE = EULAdemoAPDGTests/Info.plist;
				IPHONEOS_DEPLOYMENT_TARGET = 14.4;
				LD_RUNPATH_SEARCH_PATHS = (
					"$(inherited)",
					"@executable_path/Frameworks",
					"@loader_path/Frameworks",
				);
				PRODUCT_BUNDLE_IDENTIFIER = com.eula.demo.EULAdemoAPDGTests;
				PRODUCT_NAME = "$(TARGET_NAME)";
				SWIFT_VERSION = 5.0;
				TARGETED_DEVICE_FAMILY = "1,2";
				TEST_HOST = "$(BUILT_PRODUCTS_DIR)/EULAdemoAPDG.app/EULAdemoAPDG";
			};
			name = Release;
		};
		9C0421FC25EF43900015A04F /* Debug */ = {
			isa = XCBuildConfiguration;
			buildSettings = {
				ALWAYS_EMBED_SWIFT_STANDARD_LIBRARIES = YES;
				CODE_SIGN_STYLE = Automatic;
				INFOPLIST_FILE = EULAdemoAPDGUITests/Info.plist;
				LD_RUNPATH_SEARCH_PATHS = (
					"$(inherited)",
					"@executable_path/Frameworks",
					"@loader_path/Frameworks",
				);
				PRODUCT_BUNDLE_IDENTIFIER = com.eula.demo.EULAdemoAPDGUITests;
				PRODUCT_NAME = "$(TARGET_NAME)";
				SWIFT_VERSION = 5.0;
				TARGETED_DEVICE_FAMILY = "1,2";
				TEST_TARGET_NAME = EULAdemoAPDG;
			};
			name = Debug;
		};
		9C0421FD25EF43900015A04F /* Release */ = {
			isa = XCBuildConfiguration;
			buildSettings = {
				ALWAYS_EMBED_SWIFT_STANDARD_LIBRARIES = YES;
				CODE_SIGN_STYLE = Automatic;
				INFOPLIST_FILE = EULAdemoAPDGUITests/Info.plist;
				LD_RUNPATH_SEARCH_PATHS = (
					"$(inherited)",
					"@executable_path/Frameworks",
					"@loader_path/Frameworks",
				);
				PRODUCT_BUNDLE_IDENTIFIER = com.eula.demo.EULAdemoAPDGUITests;
				PRODUCT_NAME = "$(TARGET_NAME)";
				SWIFT_VERSION = 5.0;
				TARGETED_DEVICE_FAMILY = "1,2";
				TEST_TARGET_NAME = EULAdemoAPDG;
			};
			name = Release;
		};
/* End XCBuildConfiguration section */

/* Begin XCConfigurationList section */
		9C0421C625EF438F0015A04F /* Build configuration list for PBXProject "EULAdemoAPDG" */ = {
			isa = XCConfigurationList;
			buildConfigurations = (
				9C0421F325EF43900015A04F /* Debug */,
				9C0421F425EF43900015A04F /* Release */,
			);
			defaultConfigurationIsVisible = 0;
			defaultConfigurationName = Release;
		};
		9C0421F525EF43900015A04F /* Build configuration list for PBXNativeTarget "EULAdemoAPDG" */ = {
			isa = XCConfigurationList;
			buildConfigurations = (
				9C0421F625EF43900015A04F /* Debug */,
				9C0421F725EF43900015A04F /* Release */,
			);
			defaultConfigurationIsVisible = 0;
			defaultConfigurationName = Release;
		};
		9C0421F825EF43900015A04F /* Build configuration list for PBXNativeTarget "EULAdemoAPDGTests" */ = {
			isa = XCConfigurationList;
			buildConfigurations = (
				9C0421F925EF43900015A04F /* Debug */,
				9C0421FA25EF43900015A04F /* Release */,
			);
			defaultConfigurationIsVisible = 0;
			defaultConfigurationName = Release;
		};
		9C0421FB25EF43900015A04F /* Build configuration list for PBXNativeTarget "EULAdemoAPDGUITests" */ = {
			isa = XCConfigurationList;
			buildConfigurations = (
				9C0421FC25EF43900015A04F /* Debug */,
				9C0421FD25EF43900015A04F /* Release */,
			);
			defaultConfigurationIsVisible = 0;
			defaultConfigurationName = Release;
		};
/* End XCConfigurationList section */
	};
	rootObject = 9C0421C325EF438F0015A04F /* Project object */;
}
